
Microsoft Visual Studio Solution File, Format Version 12.00
# Visual Studio Version 17
VisualStudioVersion = 17.13.35931.197 d17.13
MinimumVisualStudioVersion = 10.0.40219.1
Project("{FAE04EC0-301F-11D3-BF4B-00C04F79EFBC}") = "ConsoleCommands", "ConsoleCommands\ConsoleCommands.csproj", "{4CDD9667-9BF8-4A74-96DA-EE08D9BD6C64}"
EndProject
Global
	GlobalSection(SolutionConfigurationPlatforms) = preSolution
		Debug|Any CPU = Debug|Any CPU
		Release|Any CPU = Release|Any CPU
	EndGlobalSection
	GlobalSection(ProjectConfigurationPlatforms) = postSolution
		{4CDD9667-9BF8-4A74-96DA-EE08D9BD6C64}.Debug|Any CPU.ActiveCfg = Debug|Any CPU
		{4CDD9667-9BF8-4A74-96DA-EE08D9BD6C64}.Debug|Any CPU.Build.0 = Debug|Any CPU
		{4CDD9667-9BF8-4A74-96DA-EE08D9BD6C64}.Release|Any CPU.ActiveCfg = Release|Any CPU
		{4CDD9667-9BF8-4A74-96DA-EE08D9BD6C64}.Release|Any CPU.Build.0 = Release|Any CPU
	EndGlobalSection
	GlobalSection(SolutionProperties) = preSolution
		HideSolutionNode = FALSE
	EndGlobalSection
	GlobalSection(ExtensibilityGlobals) = postSolution
		SolutionGuid = {B79AA1F3-9E28-406C-91FF-385D5FAC30E0}
	EndGlobalSection
EndGlobal
